prepare_dataset:
  cmd: python mrec/data/make_dataset.py
  deps:
  - path: dataset/raw
    md5: 308f4b6d0bf4d605670c0fd74df28a2a.dir
    size: 9870793
    nfiles: 3
  - path: mrec/data/make_dataset.py
    md5: 4a461408af174383e773f7836fac0661
    size: 5283
  outs:
  - path: dataset/processed
    md5: 8d0c474265f3125178cc0b452908df83.dir
    size: 962179
    nfiles: 3
train:
  cmd: python mrec/train_mrec.py
  deps:
  - path: dataset/processed
    md5: 8d0c474265f3125178cc0b452908df83.dir
    size: 962179
    nfiles: 3
  - path: mrec/train_mrec.py
    md5: 7e149d701ede7e869133aeed6ca7340d
    size: 4758
  params:
    params.yaml:
      train.degree: 2
      train.gamma: scale
      train.kernel: rbf
      train.nu: 0.25
      train.random_state: 20170428
  outs:
  - path: models/clean_data_model
    md5: 611541ad8d2953277960cbea31217ec2.dir
    size: 271416
    nfiles: 1
